{
  "name": "mock",
  "version": "1.0.0",
  "lockfileVersion": 1,
  "requires": true,
  "dependencies": {
    "commander": {
      "version": "2.18.0",
      "resolved": "http://registry.npm.taobao.org/commander/download/commander-2.18.0.tgz",
      "integrity": "sha1-K/Bj3e58eJEXaYGizHmOV1S8aXA=",
      "dev": true
    },
    "mockjs": {
      "version": "1.0.1-beta3",
      "resolved": "http://registry.npm.taobao.org/mockjs/download/mockjs-1.0.1-beta3.tgz",
      "integrity": "sha1-0jTzwnJWOXVk8slVFC6JGQlTcgk=",
      "dev": true,
      "requires": {
        "commander": "*"
      }
    },
    "supervisor": {
      "version": "0.12.0",
      "resolved": "http://registry.npm.taobao.org/supervisor/download/supervisor-0.12.0.tgz",
      "integrity": "sha1-3n5jNwFbKRhRwQ81OMSn8EkX7ME=",
      "dev": true
    }
  }
}
